
Microsoft Visual Studio Solution File, Format Version 12.00
# Visual Studio Version 17
VisualStudioVersion = 17.3.32929.385
MinimumVisualStudioVersion = 10.0.40219.1
Project("{9A19103F-16F7-4668-BE54-9A1E7A4F7556}") = "TravelAgencyWPF", "TravelAgencyWPF\TravelAgencyWPF.csproj", "{E358187D-973A-4C3D-8F7A-5738EF419767}"
EndProject
Project("{2150E333-8FDC-42A3-9474-1A3956D46DE8}") = "Solution Items", "Solution Items", "{4F24F569-AF7C-4D7C-95B0-C61EE6287D06}"
	ProjectSection(SolutionItems) = preProject
		README.MD = README.MD
	EndProjectSection
EndProject
Project("{9A19103F-16F7-4668-BE54-9A1E7A4F7556}") = "TravelAgency.MySQL.Data", "TravelAgency.MySQL.Data\TravelAgency.MySQL.Data.csproj", "{715205A1-DBA8-479A-9112-59FB5BA02EBA}"
EndProject
Project("{FAE04EC0-301F-11D3-BF4B-00C04F79EFBC}") = "TravelAgency.MySQL.Data.Tests", "TravelAgency.MySQL.Data.Tests\TravelAgency.MySQL.Data.Tests.csproj", "{170A2F90-C34E-43D4-AFA3-A28C22DCF025}"
EndProject
Global
	GlobalSection(SolutionConfigurationPlatforms) = preSolution
		Debug|Any CPU = Debug|Any CPU
		Release|Any CPU = Release|Any CPU
	EndGlobalSection
	GlobalSection(ProjectConfigurationPlatforms) = postSolution
		{E358187D-973A-4C3D-8F7A-5738EF419767}.Debug|Any CPU.ActiveCfg = Debug|Any CPU
		{E358187D-973A-4C3D-8F7A-5738EF419767}.Debug|Any CPU.Build.0 = Debug|Any CPU
		{E358187D-973A-4C3D-8F7A-5738EF419767}.Release|Any CPU.ActiveCfg = Release|Any CPU
		{E358187D-973A-4C3D-8F7A-5738EF419767}.Release|Any CPU.Build.0 = Release|Any CPU
		{715205A1-DBA8-479A-9112-59FB5BA02EBA}.Debug|Any CPU.ActiveCfg = Debug|Any CPU
		{715205A1-DBA8-479A-9112-59FB5BA02EBA}.Debug|Any CPU.Build.0 = Debug|Any CPU
		{715205A1-DBA8-479A-9112-59FB5BA02EBA}.Release|Any CPU.ActiveCfg = Release|Any CPU
		{715205A1-DBA8-479A-9112-59FB5BA02EBA}.Release|Any CPU.Build.0 = Release|Any CPU
		{170A2F90-C34E-43D4-AFA3-A28C22DCF025}.Debug|Any CPU.ActiveCfg = Debug|Any CPU
		{170A2F90-C34E-43D4-AFA3-A28C22DCF025}.Debug|Any CPU.Build.0 = Debug|Any CPU
		{170A2F90-C34E-43D4-AFA3-A28C22DCF025}.Release|Any CPU.ActiveCfg = Release|Any CPU
		{170A2F90-C34E-43D4-AFA3-A28C22DCF025}.Release|Any CPU.Build.0 = Release|Any CPU
	EndGlobalSection
	GlobalSection(SolutionProperties) = preSolution
		HideSolutionNode = FALSE
	EndGlobalSection
	GlobalSection(ExtensibilityGlobals) = postSolution
		SolutionGuid = {94FFB8F4-FA05-4608-BBCC-E927A55FA081}
	EndGlobalSection
EndGlobal
